github.com/dineshs90/demo2 v0.0.0-20240826152444-544fc5214769 h1:h53h0BT1VyIswRVKNEwI+isWal9i8LMca4neapY2UH4=
github.com/dineshs90/demo2 v0.0.0-20240826152444-544fc5214769/go.mod h1:ZPfNR+z2NQWzS8EibLDcv4Qo6VWPRMW83+f8tlD8xAQ=
github.com/dineshs90/demo2 v1.0.0 h1:YF64Za/MDD41e/Sn5oiSkmTNpdXx/HCh+IaMDvY8X24=
github.com/dineshs90/demo2 v1.0.0/go.mod h1:ZPfNR+z2NQWzS8EibLDcv4Qo6VWPRMW83+f8tlD8xAQ=
github.com/dineshs90/demo3 v0.0.0-20240826145327-024ab8515ec5 h1:lizcsqSShPuO9RiWXF05ZDMLvUj2dWVdm2cGei2+GRE=
github.com/dineshs90/demo3 v0.0.0-20240826145327-024ab8515ec5/go.mod h1:5X7R99fJYYy7kCTmIudBBAO1ztKK68tctbglpgmPY1k=
